{
  "version": 4,
  "terraform_version": "1.1.1",
  "serial": 8,
  "lineage": "d65da02a-8640-3a8d-7d81-97415a2eed4e",
  "outputs": {
    "kubernetes_cluster_host": {
      "value": "34.136.79.156",
      "type": "string"
    },
    "kubernetes_cluster_name": {
      "value": "winter-cocoa-335403-gke",
      "type": "string"
    },
    "project_id": {
      "value": "winter-cocoa-335403",
      "type": "string"
    },
    "region": {
      "value": "us-central1",
      "type": "string"
    }
  },
  "resources": [
    {
      "mode": "managed",
      "type": "google_compute_network",
      "name": "vpc",
      "provider": "provider[\"registry.terraform.io/hashicorp/google\"]",
      "instances": [
        {
          "schema_version": 0,
          "attributes": {
            "auto_create_subnetworks": false,
            "delete_default_routes_on_create": false,
            "description": "",
            "gateway_ipv4": "",
            "id": "projects/winter-cocoa-335403/global/networks/winter-cocoa-335403-vpc",
            "mtu": 0,
            "name": "winter-cocoa-335403-vpc",
            "project": "winter-cocoa-335403",
            "routing_mode": "REGIONAL",
            "self_link": "https://www.googleapis.com/compute/v1/projects/winter-cocoa-335403/global/networks/winter-cocoa-335403-vpc",
            "timeouts": null
          },
          "sensitive_attributes": [],
          "private": "eyJlMmJmYjczMC1lY2FhLTExZTYtOGY4OC0zNDM2M2JjN2M0YzAiOnsiY3JlYXRlIjoyNDAwMDAwMDAwMDAsImRlbGV0ZSI6MjQwMDAwMDAwMDAwLCJ1cGRhdGUiOjI0MDAwMDAwMDAwMH19"
        }
      ]
    },
    {
      "mode": "managed",
      "type": "google_compute_subnetwork",
      "name": "subnet",
      "provider": "provider[\"registry.terraform.io/hashicorp/google\"]",
      "instances": [
        {
          "schema_version": 0,
          "attributes": {
            "creation_timestamp": "2021-12-16T21:41:38.813-08:00",
            "description": "",
            "fingerprint": null,
            "gateway_address": "10.10.0.1",
            "id": "projects/winter-cocoa-335403/regions/us-central1/subnetworks/winter-cocoa-335403-subnet",
            "ip_cidr_range": "10.10.0.0/24",
            "log_config": [],
            "name": "winter-cocoa-335403-subnet",
            "network": "https://www.googleapis.com/compute/v1/projects/winter-cocoa-335403/global/networks/winter-cocoa-335403-vpc",
            "private_ip_google_access": false,
            "private_ipv6_google_access": "DISABLE_GOOGLE_ACCESS",
            "project": "winter-cocoa-335403",
            "region": "us-central1",
            "secondary_ip_range": [],
            "self_link": "https://www.googleapis.com/compute/v1/projects/winter-cocoa-335403/regions/us-central1/subnetworks/winter-cocoa-335403-subnet",
            "timeouts": null
          },
          "sensitive_attributes": [],
          "private": "eyJlMmJmYjczMC1lY2FhLTExZTYtOGY4OC0zNDM2M2JjN2M0YzAiOnsiY3JlYXRlIjozNjAwMDAwMDAwMDAsImRlbGV0ZSI6MzYwMDAwMDAwMDAwLCJ1cGRhdGUiOjM2MDAwMDAwMDAwMH19",
          "dependencies": [
            "google_compute_network.vpc"
          ]
        }
      ]
    },
    {
      "mode": "managed",
      "type": "google_container_cluster",
      "name": "primary",
      "provider": "provider[\"registry.terraform.io/hashicorp/google\"]",
      "instances": [
        {
          "schema_version": 1,
          "attributes": {
            "addons_config": [
              {
                "cloudrun_config": [],
                "horizontal_pod_autoscaling": [],
                "http_load_balancing": [],
                "network_policy_config": [
                  {
                    "disabled": true
                  }
                ]
              }
            ],
            "authenticator_groups_config": [],
            "cluster_autoscaling": [
              {
                "auto_provisioning_defaults": [],
                "enabled": false,
                "resource_limits": []
              }
            ],
            "cluster_ipv4_cidr": "10.68.0.0/14",
            "database_encryption": [
              {
                "key_name": "",
                "state": "DECRYPTED"
              }
            ],
            "default_max_pods_per_node": 110,
            "description": "",
            "enable_binary_authorization": false,
            "enable_intranode_visibility": null,
            "enable_kubernetes_alpha": false,
            "enable_legacy_abac": false,
            "enable_shielded_nodes": false,
            "enable_tpu": null,
            "endpoint": "34.136.79.156",
            "id": "projects/winter-cocoa-335403/locations/us-central1/clusters/winter-cocoa-335403-gke",
            "initial_node_count": 1,
            "instance_group_urls": [],
            "ip_allocation_policy": [
              {
                "cluster_ipv4_cidr_block": "10.68.0.0/14",
                "cluster_secondary_range_name": "gke-winter-cocoa-335403-gke-pods-b7523d9b",
                "services_ipv4_cidr_block": "10.72.0.0/20",
                "services_secondary_range_name": "gke-winter-cocoa-335403-gke-services-b7523d9b"
              }
            ],
            "label_fingerprint": "a9dc16a7",
            "location": "us-central1",
            "logging_service": "logging.googleapis.com/kubernetes",
            "maintenance_policy": [],
            "master_auth": [
              {
                "client_certificate": "",
                "client_certificate_config": [
                  {
                    "issue_client_certificate": false
                  }
                ],
                "client_key": "",
                "cluster_ca_certificate": "LS0tLS1CRUdJTiBDRVJUSUZJQ0FURS0tLS0tCk1JSUVMRENDQXBTZ0F3SUJBZ0lRSGI3MTJjYmJ4a3hDcnBJWGo1NGhBREFOQmdrcWhraUc5dzBCQVFzRkFEQXYKTVMwd0t3WURWUVFERXlSbFpUazVPVEZoWmkweU56RmhMVFF3TWpRdFlUQTJOaTFoWlRrd1lXVmxaak5tWXpVdwpJQmNOTWpFeE1qRTNNRFEwTkRFeldoZ1BNakExTVRFeU1UQXdOVFEwTVROYU1DOHhMVEFyQmdOVkJBTVRKR1ZsCk9UazVNV0ZtTFRJM01XRXROREF5TkMxaE1EWTJMV0ZsT1RCaFpXVm1NMlpqTlRDQ0FhSXdEUVlKS29aSWh2Y04KQVFFQkJRQURnZ0dQQURDQ0FZb0NnZ0dCQU5mT1NwQmVPT0N6YlZ3azF3SzBUUnJJME9YZ0M2STFidFB6S1hKZwphbUdOQ01XNmJDVnB4Zkh5WFBBb3N1aHIyZWNONXhEQTBQaUt6ZkVnemMyNmxyYklqT2pTM25BOXZ6RzFWaXZRCmg2SEIzK010NFMrV3JGd2VUY1kzQ1FwcmhTM0NCRHcwOWNYZmRiejV3aU1wMVNrdkh6bVN4SmIxaFZKK2F4bXMKT2g4bmZBZGdXeTJ2L01LS0hFbUlrMFEzeG5GTTBpelEzQThIR0pHTE5HNXFyWHd5VlFFWWdmQy9ObGgwVW96MgpPalF0ZndhU3VTMkF6dEJSd09ReGpQNWhpTVZYYWp1b2Z4OUZnNUErTjlXNlMvK0FSMCsxYzlZNGtZT2oyOXcrCm1xaUZEVEZDdjZHNjVYdnYyWGpkdlp0T0hmVXhlSldvWlFQTnp0NVBaRndXb25FZkRxbStTMXJCeEFjUGVLY1YKSEp5Uk1yN1hONGdhcU5qUTVaRDQveUJzRTkxWU9NSnorZ1MzTmdOSTZkdThxbEtwbW5oYTFrV0hCQVdIVkxJRApKdExkeHJkUjY3ekhYOTN1M1phcTgzelc5RE5TeFZqdFNNN1NsY3l5bTE3WlpHeURuK2FnNHZyblF1VDJjQ1FPClpuOWg4NElSQ1ZQTjVQcTVxaXNxWlpLR0p3SURBUUFCbzBJd1FEQU9CZ05WSFE4QkFmOEVCQU1DQWdRd0R3WUQKVlIwVEFRSC9CQVV3QXdFQi96QWRCZ05WSFE0RUZnUVU2VkhwTGZ1S1licHpCSHVCTi9sYlVMakVMYWd3RFFZSgpLb1pJaHZjTkFRRUxCUUFEZ2dHQkFKQzRNb0lRNm5PajltajkvNzBFVmZzQmNhK2VtbUpJUzM2cWVQYmZ5R0tWCmxJY3JuWElDcFpiRnZ6VGtGNW1WWTlIb1ZyOHk3TkZyZ3RCbVhvOEViNytyZlI3RjBZYmFIbzg5K21tTWo5Ym8Kcjl1cnZzVHUvT29VMmlKR201NXdtN3ZVd2VRMXdHNHh4VUJQUmp0ZlVIWk9NZTdTUlZxcjN4ZWt0YnhXUjRVRApUejkvRVpaSmI4TDZJbE8wd09NV241eG9MbmExUVFWWVNWd1hTbFU0cG5PMWVOL1NQUUdTdHRXYUFaWk5NeUlGCm1XV0ZrL3l0NXorZXArRnVTaFF0OXJiOEp2QktTZnQ3UjVSZmwxc1NZVUVNWVNVanR5ekNDazJta1JEbTBWWDQKc3kvQU9CY0pSbXRYOVhMUi9URmxjT1dEclBKeFQwcUNwTzE5OW5rNUUzWHJSMEhBVEFxdlpjV2lldjFsb0d0RwpOSnorZHdGcE12MTBSZGdQaDQzNW0zY0ZUTGdwNjJXZlJBYkkxTlBua1J1TVRjbTBsQlRDTFNsTGlyQTZJL01xCllyUGtEdk10cVd6Z0syOXZKenQ2Ny9sL0pra3pJV3RNRmVlT2RmQ0pXMHlob016UE1wQ2I0RTRIV1dYUHZCUVkKQnU1ZXFQOHJnQmZVaXl0cVdhSkEzQT09Ci0tLS0tRU5EIENFUlRJRklDQVRFLS0tLS0K",
                "password": "",
                "username": ""
              }
            ],
            "master_authorized_networks_config": [],
            "master_version": "1.21.5-gke.1302",
            "min_master_version": null,
            "monitoring_service": "monitoring.googleapis.com/kubernetes",
            "name": "winter-cocoa-335403-gke",
            "network": "projects/winter-cocoa-335403/global/networks/winter-cocoa-335403-vpc",
            "network_policy": [
              {
                "enabled": false,
                "provider": "PROVIDER_UNSPECIFIED"
              }
            ],
            "node_config": [],
            "node_locations": [
              "us-central1-b",
              "us-central1-c",
              "us-central1-f"
            ],
            "node_pool": [],
            "node_version": "1.21.5-gke.1302",
            "operation": null,
            "pod_security_policy_config": [],
            "private_cluster_config": [],
            "project": "winter-cocoa-335403",
            "release_channel": [
              {
                "channel": "REGULAR"
              }
            ],
            "remove_default_node_pool": true,
            "resource_labels": null,
            "resource_usage_export_config": [],
            "self_link": "https://container.googleapis.com/v1beta1/projects/winter-cocoa-335403/locations/us-central1/clusters/winter-cocoa-335403-gke",
            "services_ipv4_cidr": "10.72.0.0/20",
            "subnetwork": "projects/winter-cocoa-335403/regions/us-central1/subnetworks/winter-cocoa-335403-subnet",
            "timeouts": null,
            "vertical_pod_autoscaling": [],
            "workload_identity_config": []
          },
          "sensitive_attributes": [],
          "private": "eyJlMmJmYjczMC1lY2FhLTExZTYtOGY4OC0zNDM2M2JjN2M0YzAiOnsiY3JlYXRlIjoyNDAwMDAwMDAwMDAwLCJkZWxldGUiOjI0MDAwMDAwMDAwMDAsInJlYWQiOjI0MDAwMDAwMDAwMDAsInVwZGF0ZSI6MzYwMDAwMDAwMDAwMH0sInNjaGVtYV92ZXJzaW9uIjoiMSJ9",
          "dependencies": [
            "google_compute_network.vpc",
            "google_compute_subnetwork.subnet"
          ]
        }
      ]
    },
    {
      "mode": "managed",
      "type": "google_container_node_pool",
      "name": "primary_nodes",
      "provider": "provider[\"registry.terraform.io/hashicorp/google\"]",
      "instances": [
        {
          "schema_version": 1,
          "attributes": {
            "autoscaling": [],
            "cluster": "winter-cocoa-335403-gke",
            "id": "projects/winter-cocoa-335403/locations/us-central1/clusters/winter-cocoa-335403-gke/nodePools/winter-cocoa-335403-gke-node-pool",
            "initial_node_count": 2,
            "instance_group_urls": [
              "https://www.googleapis.com/compute/v1/projects/winter-cocoa-335403/zones/us-central1-c/instanceGroupManagers/gke-winter-cocoa-335-winter-cocoa-335-1499ef55-grp",
              "https://www.googleapis.com/compute/v1/projects/winter-cocoa-335403/zones/us-central1-b/instanceGroupManagers/gke-winter-cocoa-335-winter-cocoa-335-2d6c0288-grp",
              "https://www.googleapis.com/compute/v1/projects/winter-cocoa-335403/zones/us-central1-f/instanceGroupManagers/gke-winter-cocoa-335-winter-cocoa-335-19f08048-grp"
            ],
            "location": "us-central1",
            "management": [
              {
                "auto_repair": true,
                "auto_upgrade": true
              }
            ],
            "max_pods_per_node": 110,
            "name": "winter-cocoa-335403-gke-node-pool",
            "name_prefix": "",
            "node_config": [
              {
                "disk_size_gb": 100,
                "disk_type": "pd-standard",
                "guest_accelerator": [],
                "image_type": "COS_CONTAINERD",
                "labels": {
                  "env": "winter-cocoa-335403"
                },
                "local_ssd_count": 0,
                "machine_type": "n1-standard-1",
                "metadata": {
                  "disable-legacy-endpoints": "true"
                },
                "min_cpu_platform": "",
                "oauth_scopes": [
                  "https://www.googleapis.com/auth/logging.write",
                  "https://www.googleapis.com/auth/monitoring"
                ],
                "preemptible": false,
                "service_account": "default",
                "shielded_instance_config": [
                  {
                    "enable_integrity_monitoring": true,
                    "enable_secure_boot": false
                  }
                ],
                "tags": [
                  "gke-node",
                  "winter-cocoa-335403-gke"
                ],
                "taint": [],
                "workload_metadata_config": []
              }
            ],
            "node_count": 2,
            "node_locations": [
              "us-central1-b",
              "us-central1-c",
              "us-central1-f"
            ],
            "project": "winter-cocoa-335403",
            "timeouts": null,
            "upgrade_settings": [
              {
                "max_surge": 1,
                "max_unavailable": 0
              }
            ],
            "version": "1.21.5-gke.1302"
          },
          "sensitive_attributes": [],
          "private": "eyJlMmJmYjczMC1lY2FhLTExZTYtOGY4OC0zNDM2M2JjN2M0YzAiOnsiY3JlYXRlIjoxODAwMDAwMDAwMDAwLCJkZWxldGUiOjE4MDAwMDAwMDAwMDAsInVwZGF0ZSI6MTgwMDAwMDAwMDAwMH0sInNjaGVtYV92ZXJzaW9uIjoiMSJ9",
          "dependencies": [
            "google_compute_network.vpc",
            "google_compute_subnetwork.subnet",
            "google_container_cluster.primary"
          ]
        }
      ]
    }
  ]
}
